{
  "version": 4,
  "terraform_version": "1.4.0",
  "serial": 34,
  "lineage": "85048fc9-022f-e3eb-5551-89f6bc2cd3ed",
  "outputs": {},
  "resources": [
    {
      "mode": "data",
      "type": "yandex_compute_image",
      "name": "ubuntu-2204-latest",
      "provider": "provider[\"registry.terraform.io/yandex-cloud/yandex\"]",
      "instances": [
        {
          "schema_version": 0,
          "attributes": {
            "created_at": "2023-01-30T10:49:08Z",
            "description": "ubuntu 22.04 lts",
            "family": "ubuntu-2204-lts",
            "folder_id": "standard-images",
            "id": "fd8emvfmfoaordspe1jr",
            "image_id": "fd8emvfmfoaordspe1jr",
            "labels": {},
            "min_disk_size": 5,
            "name": "ubuntu-22-04-lts-v20230130",
            "os_type": "linux",
            "pooled": true,
            "product_ids": [
              "f2eokm18lqng83m1koki"
            ],
            "size": 4,
            "status": "ready"
          },
          "sensitive_attributes": []
        }
      ]
    },
    {
      "mode": "data",
      "type": "yandex_vpc_subnet",
      "name": "default-subnet-a",
      "provider": "provider[\"registry.terraform.io/yandex-cloud/yandex\"]",
      "instances": [
        {
          "schema_version": 0,
          "attributes": {
            "created_at": "2023-02-22T23:51:10Z",
            "description": "Auto-created default subnet for zone ru-central1-a in default",
            "dhcp_options": [],
            "folder_id": "b1g8vp06auhfbk8j09np",
            "id": "e9bbau9nfvq5puj0lq9p",
            "labels": {},
            "name": "default-ru-central1-a",
            "network_id": "enpui5mv2h8r1ak934j6",
            "route_table_id": "",
            "subnet_id": "e9bbau9nfvq5puj0lq9p",
            "v4_cidr_blocks": [
              "10.128.0.0/24"
            ],
            "v6_cidr_blocks": [],
            "zone": "ru-central1-a"
          },
          "sensitive_attributes": []
        }
      ]
    },
    {
      "mode": "managed",
      "type": "yandex_compute_instance",
      "name": "runner-vm-instance",
      "provider": "provider[\"registry.terraform.io/yandex-cloud/yandex\"]",
      "instances": [
        {
          "schema_version": 1,
          "attributes": {
            "allow_recreate": null,
            "allow_stopping_for_update": null,
            "boot_disk": [
              {
                "auto_delete": true,
                "device_name": "fhmlhfq6f996r40nqtfp",
                "disk_id": "fhmlhfq6f996r40nqtfp",
                "initialize_params": [
                  {
                    "block_size": 4096,
                    "description": "",
                    "image_id": "fd8emvfmfoaordspe1jr",
                    "name": "",
                    "size": 30,
                    "snapshot_id": "",
                    "type": "network-hdd"
                  }
                ],
                "mode": "READ_WRITE"
              }
            ],
            "created_at": "2023-03-15T11:28:41Z",
            "description": "",
            "filesystem": [],
            "folder_id": "b1g8vp06auhfbk8j09np",
            "fqdn": "fhmthhnc2875dq9quku7.auto.internal",
            "hostname": "",
            "id": "fhmthhnc2875dq9quku7",
            "labels": null,
            "local_disk": [],
            "metadata": {
              "user-data": "#cloud-config\r\nssh_pwauth: no\r\nusers:\r\n  - name: bezdna-remote\r\n    groups: sudo,docker,adm\r\n    lock_passwd:  true\r\n    shell: /bin/bash\r\n    sudo: ['ALL=(ALL) NOPASSWD:ALL']\r\n    ssh_authorized_keys:\r\n     - ssh-rsa AAAAB3NzaC1yc2EAAAADAQABAAABgQC51Y7YPiiWE7BYD11OWOv71HDKO6QCENufr9uuLOXgaSr9IAjOpbzx+6YA1GbzxwZb626VvUMeUY7Hbvm09kE82TPlx9vica/zAK5jQmUndhy41/71iA/pKRMNy0jkbXAfGf/6ZlR4R3vLnBg00gEAB34H3u+0adbS7OvrbnVkAu/wPzdZ+IGIDN47eCnA7Dm5lrgsGQ9sOuwlhDlY2WKKTxT0tPk8NS495eIfRkTRdoU99esaSSxTNKdmT17T1aoa7Xxw2aW2F5b8/QeUh6Khv2NpfYnwmPsSZBCrV//tKV3yyUfQUU0uLr0mw2ILWmDO13p+nFJEhfqQL3+fWB7togFWCSfv1bb7Of0h/NvdwlQAHJ+16J5uUs+rpP1kweqF08sY2Dq4KgEkIYmOi3cpY66ZOUY9kUrGaFvxUde25C3dmCWN0C73bHNIquBXTxWKUZ6g1vrjo1B4GZfbT4Okm5QlSJ03DbowwkaTwlNbPQa6330DenTEUmGI3tWvxsk= bezdna@DESKTOP-9KSCOJH"
            },
            "metadata_options": [
              {
                "aws_v1_http_endpoint": 1,
                "aws_v1_http_token": 2,
                "gce_http_endpoint": 1,
                "gce_http_token": 1
              }
            ],
            "name": "runner-vm-instance",
            "network_acceleration_type": "standard",
            "network_interface": [
              {
                "dns_record": [],
                "index": 0,
                "ip_address": "10.128.0.23",
                "ipv4": true,
                "ipv6": false,
                "ipv6_address": "",
                "ipv6_dns_record": [],
                "mac_address": "d0:0d:1d:8c:6e:c1",
                "nat": true,
                "nat_dns_record": [],
                "nat_ip_address": "158.160.43.204",
                "nat_ip_version": "IPV4",
                "security_group_ids": [],
                "subnet_id": "e9bbau9nfvq5puj0lq9p"
              }
            ],
            "placement_policy": [
              {
                "host_affinity_rules": [],
                "placement_group_id": ""
              }
            ],
            "platform_id": "standard-v3",
            "resources": [
              {
                "core_fraction": 50,
                "cores": 2,
                "gpus": 0,
                "memory": 2
              }
            ],
            "scheduling_policy": [
              {
                "preemptible": false
              }
            ],
            "secondary_disk": [],
            "service_account_id": "",
            "status": "running",
            "timeouts": null,
            "zone": "ru-central1-a"
          },
          "sensitive_attributes": [],
          "private": "eyJlMmJmYjczMC1lY2FhLTExZTYtOGY4OC0zNDM2M2JjN2M0YzAiOnsiY3JlYXRlIjozMDAwMDAwMDAwMDAsImRlbGV0ZSI6MzAwMDAwMDAwMDAwLCJ1cGRhdGUiOjMwMDAwMDAwMDAwMH0sInNjaGVtYV92ZXJzaW9uIjoiMSJ9",
          "dependencies": [
            "data.yandex_compute_image.ubuntu-2204-latest",
            "data.yandex_vpc_subnet.default-subnet-a",
            "yandex_vpc_address.runner-public-addr"
          ]
        }
      ]
    },
    {
      "mode": "managed",
      "type": "yandex_vpc_address",
      "name": "runner-public-addr",
      "provider": "provider[\"registry.terraform.io/yandex-cloud/yandex\"]",
      "instances": [
        {
          "schema_version": 0,
          "attributes": {
            "created_at": "2023-03-15T11:28:40Z",
            "deletion_protection": false,
            "description": "",
            "external_ipv4_address": [
              {
                "address": "158.160.43.204",
                "ddos_protection_provider": "",
                "outgoing_smtp_capability": "",
                "zone_id": "ru-central1-a"
              }
            ],
            "folder_id": "b1g8vp06auhfbk8j09np",
            "id": "e9bsctci4ggq6eaif7th",
            "labels": {},
            "name": "static ip for runner-vm",
            "reserved": true,
            "timeouts": null,
            "used": false
          },
          "sensitive_attributes": [],
          "private": "eyJlMmJmYjczMC1lY2FhLTExZTYtOGY4OC0zNDM2M2JjN2M0YzAiOnsiY3JlYXRlIjozMDAwMDAwMDAwMCwiZGVsZXRlIjozMDAwMDAwMDAwMCwidXBkYXRlIjozMDAwMDAwMDAwMH19"
        }
      ]
    }
  ],
  "check_results": null
}
