{
  "version": 4,
  "terraform_version": "1.4.0",
  "serial": 335,
  "lineage": "b6bbcf23-3cbf-d3f6-63ce-28ab1e1eeb37",
  "outputs": {
    "connection_ip": {
      "value": "51.250.12.25",
      "type": "string"
    }
  },
  "resources": [
    {
      "mode": "data",
      "type": "yandex_compute_image",
      "name": "ubuntu-2204-latest",
      "provider": "provider[\"registry.terraform.io/yandex-cloud/yandex\"]",
      "instances": [
        {
          "schema_version": 0,
          "attributes": {
            "created_at": "2023-01-30T10:49:08Z",
            "description": "ubuntu 22.04 lts",
            "family": "ubuntu-2204-lts",
            "folder_id": "standard-images",
            "id": "fd8emvfmfoaordspe1jr",
            "image_id": "fd8emvfmfoaordspe1jr",
            "labels": {},
            "min_disk_size": 5,
            "name": "ubuntu-22-04-lts-v20230130",
            "os_type": "linux",
            "pooled": true,
            "product_ids": [
              "f2eokm18lqng83m1koki"
            ],
            "size": 4,
            "status": "ready"
          },
          "sensitive_attributes": []
        }
      ]
    },
    {
      "mode": "data",
      "type": "yandex_vpc_subnet",
      "name": "default-subnet-a",
      "provider": "provider[\"registry.terraform.io/yandex-cloud/yandex\"]",
      "instances": [
        {
          "schema_version": 0,
          "attributes": {
            "created_at": "2023-02-22T23:51:10Z",
            "description": "Auto-created default subnet for zone ru-central1-a in default",
            "dhcp_options": [],
            "folder_id": "b1g8vp06auhfbk8j09np",
            "id": "e9bbau9nfvq5puj0lq9p",
            "labels": {},
            "name": "default-ru-central1-a",
            "network_id": "enpui5mv2h8r1ak934j6",
            "route_table_id": "",
            "subnet_id": "e9bbau9nfvq5puj0lq9p",
            "v4_cidr_blocks": [
              "10.128.0.0/24"
            ],
            "v6_cidr_blocks": [],
            "zone": "ru-central1-a"
          },
          "sensitive_attributes": []
        }
      ]
    },
    {
      "mode": "managed",
      "type": "yandex_compute_instance",
      "name": "test-vm-instance",
      "provider": "provider[\"registry.terraform.io/yandex-cloud/yandex\"]",
      "instances": [
        {
          "schema_version": 1,
          "attributes": {
            "allow_recreate": null,
            "allow_stopping_for_update": null,
            "boot_disk": [
              {
                "auto_delete": true,
                "device_name": "fhmrp1nrtaolpl6ks062",
                "disk_id": "fhmrp1nrtaolpl6ks062",
                "initialize_params": [
                  {
                    "block_size": 4096,
                    "description": "",
                    "image_id": "fd8emvfmfoaordspe1jr",
                    "name": "",
                    "size": 25,
                    "snapshot_id": "",
                    "type": "network-hdd"
                  }
                ],
                "mode": "READ_WRITE"
              }
            ],
            "created_at": "2023-03-15T11:32:22Z",
            "description": "",
            "filesystem": [],
            "folder_id": "b1g8vp06auhfbk8j09np",
            "fqdn": "fhmqiit8gi515hlbe0ba.auto.internal",
            "hostname": "",
            "id": "fhmqiit8gi515hlbe0ba",
            "labels": null,
            "local_disk": [],
            "metadata": {
              "user-data": "#cloud-config\r\nssh_pwauth: no\r\nusers:\r\n  - name: doubletapp\r\n    groups: sudo,docker,adm\r\n    lock_passwd:  true\r\n    shell: /bin/bash\r\n    sudo: ['ALL=(ALL) NOPASSWD:ALL']\r\n    ssh_authorized_keys:\r\n     - ssh-rsa AAAAB3NzaC1yc2EAAAADAQABAAABgQDlD662i7OVBEg1OwcMZLPgLssKQkXklBuQJ63HfpkyJLYyFxU0Lb888691FSGlSJOlswFDedCQtogjxLMJ8maXOYDAVB9tLYCBEYrIMzLbWE5MEV62qpiN2e/UGqIQ+NxDVrfsUefeFMnp4xJWykKi3zzUAC2XsUv0m3Dt6RNugYZGa1koLXJvUqijVF86iCVPEKfeSrJwIPt99p4pYVQgpnJ/4tW80vcGpj1ihv2BWP5kngWT80vuPR07Tzn47707OnSrDhIcAEwb5Q8TMzs/oCUjPM1nZgcA111LoeH2cxq/DQSsytws4ut9bSixErDQmA6Y4eKT6PtJ5J8Gq/vQe1ltmABYINcMtTIedPvh6VN8G3zMlGGVfqaiJjrGzoETxifKGcdVqOazdKbkh4A1pD5faWb1dej7nQWbyMHxw+/9D9E0iGHFEeLVxeqq1R1Q+Jyn7S+tmvLaIq99YDBGUcdlZKaDHByWF2VQc8MULDZ9wWDH3/LuKqxC8HGNAbk= doubletapp@asd\r\n  \r\n  - name: bezdna-remote\r\n    groups: sudo,docker,adm\r\n    lock_passwd:  true\r\n    shell: /bin/bash\r\n    sudo: ['ALL=(ALL) NOPASSWD:ALL']\r\n    ssh_authorized_keys:\r\n     - ssh-rsa AAAAB3NzaC1yc2EAAAADAQABAAABgQC51Y7YPiiWE7BYD11OWOv71HDKO6QCENufr9uuLOXgaSr9IAjOpbzx+6YA1GbzxwZb626VvUMeUY7Hbvm09kE82TPlx9vica/zAK5jQmUndhy41/71iA/pKRMNy0jkbXAfGf/6ZlR4R3vLnBg00gEAB34H3u+0adbS7OvrbnVkAu/wPzdZ+IGIDN47eCnA7Dm5lrgsGQ9sOuwlhDlY2WKKTxT0tPk8NS495eIfRkTRdoU99esaSSxTNKdmT17T1aoa7Xxw2aW2F5b8/QeUh6Khv2NpfYnwmPsSZBCrV//tKV3yyUfQUU0uLr0mw2ILWmDO13p+nFJEhfqQL3+fWB7togFWCSfv1bb7Of0h/NvdwlQAHJ+16J5uUs+rpP1kweqF08sY2Dq4KgEkIYmOi3cpY66ZOUY9kUrGaFvxUde25C3dmCWN0C73bHNIquBXTxWKUZ6g1vrjo1B4GZfbT4Okm5QlSJ03DbowwkaTwlNbPQa6330DenTEUmGI3tWvxsk= bezdna@DESKTOP-9KSCOJH\r\n  \r\n  - name: gitlab-deploy\r\n    groups: sudo,docker,adm\r\n    lock_passwd:  true\r\n    shell: /bin/bash\r\n    sudo: ['ALL=(ALL) NOPASSWD:ALL']\r\n    ssh_authorized_keys:\r\n      - ssh-rsa AAAAB3NzaC1yc2EAAAADAQABAAABgQC2XAnXPo8/n/k6BfxvlP5g9oC5uaaCg45HS3Ob63HLJqKYkViI5xecqQ/Afo5UudL4jzb56s2ZqhshhpyuUWliflOiWIaf2onqOmClLK2Wk+PJuAoSQzAEe2o5WvECcjodbLyuzEzOggfR6XuPGzo/Jf5XPNdEcyJYU16oP1Hjt23Gj4H7+0ue6QQfqV3Qj+lxtvenjczXwcReByiInHiT9KhwyHh0SSYdPZAg2MGsY87rPTakXtX9bqQZviZcHjLHv2Yjr+rVZse3rx57EbA2hStDN9obTbOdhXXbXuoD/H1ziKsSdtNFUAqketP61EFjJr9RYqMCd/kpE3JGOLGc/rd5Nb46IAXm+9E47gQsT8/U8a66GQM489fcHwfC0N/BTMFppLZE6RDIn3Pys8VLViqHitWqAcN4MTTthQGooo7EBfZQojPIOOm8GvgT2K5BrLxi8lCoBczrD5cfAa3JIO95QznBdYwJTUpYXeP6oLx5/74XoagwKmmX4mRI54s= bezdna@DESKTOP-9KSCOJH"
            },
            "metadata_options": [
              {
                "aws_v1_http_endpoint": 1,
                "aws_v1_http_token": 2,
                "gce_http_endpoint": 1,
                "gce_http_token": 1
              }
            ],
            "name": "test-instance",
            "network_acceleration_type": "standard",
            "network_interface": [
              {
                "dns_record": [],
                "index": 0,
                "ip_address": "10.128.0.32",
                "ipv4": true,
                "ipv6": false,
                "ipv6_address": "",
                "ipv6_dns_record": [],
                "mac_address": "d0:0d:1a:94:ba:88",
                "nat": true,
                "nat_dns_record": [],
                "nat_ip_address": "51.250.12.25",
                "nat_ip_version": "IPV4",
                "security_group_ids": [],
                "subnet_id": "e9bbau9nfvq5puj0lq9p"
              }
            ],
            "placement_policy": [
              {
                "host_affinity_rules": [],
                "placement_group_id": ""
              }
            ],
            "platform_id": "standard-v3",
            "resources": [
              {
                "core_fraction": 20,
                "cores": 2,
                "gpus": 0,
                "memory": 2
              }
            ],
            "scheduling_policy": [
              {
                "preemptible": false
              }
            ],
            "secondary_disk": [],
            "service_account_id": "",
            "status": "running",
            "timeouts": null,
            "zone": "ru-central1-a"
          },
          "sensitive_attributes": [],
          "private": "eyJlMmJmYjczMC1lY2FhLTExZTYtOGY4OC0zNDM2M2JjN2M0YzAiOnsiY3JlYXRlIjozMDAwMDAwMDAwMDAsImRlbGV0ZSI6MzAwMDAwMDAwMDAwLCJ1cGRhdGUiOjMwMDAwMDAwMDAwMH0sInNjaGVtYV92ZXJzaW9uIjoiMSJ9",
          "dependencies": [
            "data.yandex_compute_image.ubuntu-2204-latest",
            "data.yandex_vpc_subnet.default-subnet-a",
            "yandex_vpc_address.remote-public-addr"
          ]
        }
      ]
    },
    {
      "mode": "managed",
      "type": "yandex_vpc_address",
      "name": "remote-public-addr",
      "provider": "provider[\"registry.terraform.io/yandex-cloud/yandex\"]",
      "instances": [
        {
          "schema_version": 0,
          "attributes": {
            "created_at": "2023-03-15T11:32:21Z",
            "deletion_protection": false,
            "description": "",
            "external_ipv4_address": [
              {
                "address": "51.250.12.25",
                "ddos_protection_provider": "",
                "outgoing_smtp_capability": "",
                "zone_id": "ru-central1-a"
              }
            ],
            "folder_id": "b1g8vp06auhfbk8j09np",
            "id": "e9bt49r8j6qk88knumes",
            "labels": {},
            "name": "static ip for test-vm",
            "reserved": true,
            "timeouts": null,
            "used": false
          },
          "sensitive_attributes": [],
          "private": "eyJlMmJmYjczMC1lY2FhLTExZTYtOGY4OC0zNDM2M2JjN2M0YzAiOnsiY3JlYXRlIjozMDAwMDAwMDAwMCwiZGVsZXRlIjozMDAwMDAwMDAwMCwidXBkYXRlIjozMDAwMDAwMDAwMH19"
        }
      ]
    }
  ],
  "check_results": null
}
